{
  "name": "sides-grammar",
  "version": "1.0.0",
  "lockfileVersion": 1,
  "requires": true,
  "dependencies": {
    "pegjs": {
      "version": "0.10.0",
      "resolved": "https://registry.npmjs.org/pegjs/-/pegjs-0.10.0.tgz",
      "integrity": "sha1-z4uvrm7d/0tafvsYUmnqr0YQ3b0="
    },
    "ts-pegjs": {
      "version": "0.2.6",
      "resolved": "https://registry.npmjs.org/ts-pegjs/-/ts-pegjs-0.2.6.tgz",
      "integrity": "sha512-mIX/dMQ6a1EHAEhvCLS6Z41+O700zlLiwB4V5ZSlKFLZKLDE93reik5IFw/HJsKgs488UiLx144yeEWWyu7YIw==",
      "requires": {
        "pegjs": "^0.10.0"
      }
    }
  }
}
